
Microsoft Visual Studio Solution File, Format Version 12.00
# Visual Studio 15
VisualStudioVersion = 15.0.27703.2026
MinimumVisualStudioVersion = 10.0.40219.1
Project("{FAE04EC0-301F-11D3-BF4B-00C04F79EFBC}") = "LeBot", "LeBot\LeBot.csproj", "{028DBCCB-0D06-42EE-8663-7243D594A548}"
EndProject
Global
	GlobalSection(SolutionConfigurationPlatforms) = preSolution
		Debug|Any CPU = Debug|Any CPU
		Release|Any CPU = Release|Any CPU
	EndGlobalSection
	GlobalSection(ProjectConfigurationPlatforms) = postSolution
		{028DBCCB-0D06-42EE-8663-7243D594A548}.Debug|Any CPU.ActiveCfg = Debug|Any CPU
		{028DBCCB-0D06-42EE-8663-7243D594A548}.Debug|Any CPU.Build.0 = Debug|Any CPU
		{028DBCCB-0D06-42EE-8663-7243D594A548}.Release|Any CPU.ActiveCfg = Release|Any CPU
		{028DBCCB-0D06-42EE-8663-7243D594A548}.Release|Any CPU.Build.0 = Release|Any CPU
	EndGlobalSection
	GlobalSection(SolutionProperties) = preSolution
		HideSolutionNode = FALSE
	EndGlobalSection
	GlobalSection(ExtensibilityGlobals) = postSolution
		SolutionGuid = {45963111-974A-438D-9545-6BF98E853218}
	EndGlobalSection
EndGlobal
